
Microsoft Visual Studio Solution File, Format Version 12.00
# Visual Studio Version 16
VisualStudioVersion = 16.0.32802.440
MinimumVisualStudioVersion = 10.0.40219.1
Project("{FAE04EC0-301F-11D3-BF4B-00C04F79EFBC}") = "OOP3", "OOP3\OOP3.csproj", "{929991B7-8F27-4E94-B43B-57CA9ED75795}"
EndProject
Global
	GlobalSection(SolutionConfigurationPlatforms) = preSolution
		Debug|Any CPU = Debug|Any CPU
		Release|Any CPU = Release|Any CPU
	EndGlobalSection
	GlobalSection(ProjectConfigurationPlatforms) = postSolution
		{929991B7-8F27-4E94-B43B-57CA9ED75795}.Debug|Any CPU.ActiveCfg = Debug|Any CPU
		{929991B7-8F27-4E94-B43B-57CA9ED75795}.Debug|Any CPU.Build.0 = Debug|Any CPU
		{929991B7-8F27-4E94-B43B-57CA9ED75795}.Release|Any CPU.ActiveCfg = Release|Any CPU
		{929991B7-8F27-4E94-B43B-57CA9ED75795}.Release|Any CPU.Build.0 = Release|Any CPU
	EndGlobalSection
	GlobalSection(SolutionProperties) = preSolution
		HideSolutionNode = FALSE
	EndGlobalSection
	GlobalSection(ExtensibilityGlobals) = postSolution
		SolutionGuid = {56DA7E08-4FF7-4FEE-84A0-76967C42D0FA}
	EndGlobalSection
EndGlobal
